
Microsoft Visual Studio Solution File, Format Version 12.00
# Visual Studio Version 16
VisualStudioVersion = 16.0.29806.167
MinimumVisualStudioVersion = 10.0.40219.1
Project("{FAE04EC0-301F-11D3-BF4B-00C04F79EFBC}") = "ControlProduct", "ControlProduct\ControlProduct.csproj", "{FAE8DD42-AA5A-4591-A264-C14948C10E30}"
EndProject
Global
	GlobalSection(SolutionConfigurationPlatforms) = preSolution
		Debug|Any CPU = Debug|Any CPU
		Release|Any CPU = Release|Any CPU
	EndGlobalSection
	GlobalSection(ProjectConfigurationPlatforms) = postSolution
		{FAE8DD42-AA5A-4591-A264-C14948C10E30}.Debug|Any CPU.ActiveCfg = Debug|Any CPU
		{FAE8DD42-AA5A-4591-A264-C14948C10E30}.Debug|Any CPU.Build.0 = Debug|Any CPU
		{FAE8DD42-AA5A-4591-A264-C14948C10E30}.Release|Any CPU.ActiveCfg = Release|Any CPU
		{FAE8DD42-AA5A-4591-A264-C14948C10E30}.Release|Any CPU.Build.0 = Release|Any CPU
	EndGlobalSection
	GlobalSection(SolutionProperties) = preSolution
		HideSolutionNode = FALSE
	EndGlobalSection
	GlobalSection(ExtensibilityGlobals) = postSolution
		SolutionGuid = {DBB0C9A7-85F8-4973-B6B6-3A20C0006B23}
	EndGlobalSection
EndGlobal
